
Microsoft Visual Studio Solution File, Format Version 12.00
# Visual Studio 2012
Project("{FAE04EC0-301F-11D3-BF4B-00C04F79EFBC}") = "CropImage", "CropImage\CropImage.csproj", "{DCC2E81E-C94E-4EBA-9452-6AAC83F5B135}"
EndProject
Project("{FAE04EC0-301F-11D3-BF4B-00C04F79EFBC}") = "CropImageApp", "CropImageApp\CropImageApp.csproj", "{F52F917B-811D-4D52-94CA-9134118A77A3}"
EndProject
Global
	GlobalSection(SolutionConfigurationPlatforms) = preSolution
		Debug|Any CPU = Debug|Any CPU
		Release|Any CPU = Release|Any CPU
	EndGlobalSection
	GlobalSection(ProjectConfigurationPlatforms) = postSolution
		{DCC2E81E-C94E-4EBA-9452-6AAC83F5B135}.Debug|Any CPU.ActiveCfg = Debug|Any CPU
		{DCC2E81E-C94E-4EBA-9452-6AAC83F5B135}.Debug|Any CPU.Build.0 = Debug|Any CPU
		{DCC2E81E-C94E-4EBA-9452-6AAC83F5B135}.Release|Any CPU.ActiveCfg = Release|Any CPU
		{DCC2E81E-C94E-4EBA-9452-6AAC83F5B135}.Release|Any CPU.Build.0 = Release|Any CPU
		{F52F917B-811D-4D52-94CA-9134118A77A3}.Debug|Any CPU.ActiveCfg = Debug|Any CPU
		{F52F917B-811D-4D52-94CA-9134118A77A3}.Debug|Any CPU.Build.0 = Debug|Any CPU
		{F52F917B-811D-4D52-94CA-9134118A77A3}.Release|Any CPU.ActiveCfg = Release|Any CPU
		{F52F917B-811D-4D52-94CA-9134118A77A3}.Release|Any CPU.Build.0 = Release|Any CPU
	EndGlobalSection
	GlobalSection(SolutionProperties) = preSolution
		HideSolutionNode = FALSE
	EndGlobalSection
EndGlobal
